
Microsoft Visual Studio Solution File, Format Version 12.00
# Visual Studio Version 16
VisualStudioVersion = 16.0.30523.141
MinimumVisualStudioVersion = 10.0.40219.1
Project("{9A19103F-16F7-4668-BE54-9A1E7A4F7556}") = "Chef.Common.IdentityServer", "Chef.Common.IdentityServer\Chef.Common.IdentityServer.csproj", "{DF9EAAD9-C184-49F7-BB1C-15E03E9EA61B}"
EndProject
Project("{FAE04EC0-301F-11D3-BF4B-00C04F79EFBC}") = "Chef.Common.SampleAngular", "Chef.Common.Examples\Chef.Common.SampleAngular\Chef.Common.SampleAngular.csproj", "{715DC439-B672-4000-B517-348E813BAFF9}"
EndProject
Global
	GlobalSection(SolutionConfigurationPlatforms) = preSolution
		Debug|Any CPU = Debug|Any CPU
		Release|Any CPU = Release|Any CPU
	EndGlobalSection
	GlobalSection(ProjectConfigurationPlatforms) = postSolution
		{DF9EAAD9-C184-49F7-BB1C-15E03E9EA61B}.Debug|Any CPU.ActiveCfg = Debug|Any CPU
		{DF9EAAD9-C184-49F7-BB1C-15E03E9EA61B}.Debug|Any CPU.Build.0 = Debug|Any CPU
		{DF9EAAD9-C184-49F7-BB1C-15E03E9EA61B}.Release|Any CPU.ActiveCfg = Release|Any CPU
		{DF9EAAD9-C184-49F7-BB1C-15E03E9EA61B}.Release|Any CPU.Build.0 = Release|Any CPU
		{715DC439-B672-4000-B517-348E813BAFF9}.Debug|Any CPU.ActiveCfg = Debug|Any CPU
		{715DC439-B672-4000-B517-348E813BAFF9}.Debug|Any CPU.Build.0 = Debug|Any CPU
		{715DC439-B672-4000-B517-348E813BAFF9}.Release|Any CPU.ActiveCfg = Release|Any CPU
		{715DC439-B672-4000-B517-348E813BAFF9}.Release|Any CPU.Build.0 = Release|Any CPU
	EndGlobalSection
	GlobalSection(SolutionProperties) = preSolution
		HideSolutionNode = FALSE
	EndGlobalSection
	GlobalSection(ExtensibilityGlobals) = postSolution
		SolutionGuid = {F06A1048-A140-4CBC-8A8C-E0915235AC7D}
	EndGlobalSection
EndGlobal
