Microsoft Visual Studio Solution File, Format Version 12.00
# Visual Studio Version 16
VisualStudioVersion = 16.0.30523.141
MinimumVisualStudioVersion = 10.0.40219.1
Project("{9A19103F-16F7-4668-BE54-9A1E7A4F7556}") = "Chef.Common.Identity", "Chef.Common.Identity\Chef.Common.Identity.csproj", "{73FFAF47-443B-465F-A42B-7F1A4E063F7F}"
EndProject
Project("{FAE04EC0-301F-11D3-BF4B-00C04F79EFBC}") = "Chef.Common.Gateway", "Chef.Common.Gateway\Chef.Common.Gateway.csproj", "{F3EE5740-7178-451E-AD29-5E00B775CC54}"
EndProject
Global
	GlobalSection(SolutionConfigurationPlatforms) = preSolution
		Debug|Any CPU = Debug|Any CPU
		Release|Any CPU = Release|Any CPU
	EndGlobalSection
	GlobalSection(ProjectConfigurationPlatforms) = postSolution
		{73FFAF47-443B-465F-A42B-7F1A4E063F7F}.Debug|Any CPU.ActiveCfg = Debug|Any CPU
		{73FFAF47-443B-465F-A42B-7F1A4E063F7F}.Debug|Any CPU.Build.0 = Debug|Any CPU
		{73FFAF47-443B-465F-A42B-7F1A4E063F7F}.Release|Any CPU.ActiveCfg = Release|Any CPU
		{73FFAF47-443B-465F-A42B-7F1A4E063F7F}.Release|Any CPU.Build.0 = Release|Any CPU
		{F3EE5740-7178-451E-AD29-5E00B775CC54}.Debug|Any CPU.ActiveCfg = Debug|Any CPU
		{F3EE5740-7178-451E-AD29-5E00B775CC54}.Debug|Any CPU.Build.0 = Debug|Any CPU
		{F3EE5740-7178-451E-AD29-5E00B775CC54}.Release|Any CPU.ActiveCfg = Release|Any CPU
		{F3EE5740-7178-451E-AD29-5E00B775CC54}.Release|Any CPU.Build.0 = Release|Any CPU
	EndGlobalSection
	GlobalSection(SolutionProperties) = preSolution
		HideSolutionNode = FALSE
	EndGlobalSection
	GlobalSection(ExtensibilityGlobals) = postSolution
		SolutionGuid = {4B82A1B0-1BE6-4CE1-B357-88B3BB5A3BFB}
	EndGlobalSection
EndGlobal
