
Microsoft Visual Studio Solution File, Format Version 12.00
# Visual Studio Version 17
VisualStudioVersion = 17.4.32916.344
MinimumVisualStudioVersion = 10.0.40219.1
Project("{9A19103F-16F7-4668-BE54-9A1E7A4F7556}") = "Chef.Finance.Integration", "Chef.Finance.Integration\Chef.Finance.Integration.csproj", "{F757C298-597F-4545-85E8-57503CB7ACA1}"
EndProject
Project("{9A19103F-16F7-4668-BE54-9A1E7A4F7556}") = "Chef.Common.Data", "..\Chef.Common.Data\Chef.Common.Data.csproj", "{19A449F1-5214-40EE-BD86-9E98264902CD}"
EndProject
Project("{9A19103F-16F7-4668-BE54-9A1E7A4F7556}") = "Chef.Common.Models", "..\Chef.Common.Models\Chef.Common.Models.csproj", "{5F4899D0-8099-4F5A-A141-3438289BFCC8}"
EndProject
Global
	GlobalSection(SolutionConfigurationPlatforms) = preSolution
		Debug|Any CPU = Debug|Any CPU
		Release|Any CPU = Release|Any CPU
	EndGlobalSection
	GlobalSection(ProjectConfigurationPlatforms) = postSolution
		{F757C298-597F-4545-85E8-57503CB7ACA1}.Debug|Any CPU.ActiveCfg = Debug|Any CPU
		{F757C298-597F-4545-85E8-57503CB7ACA1}.Debug|Any CPU.Build.0 = Debug|Any CPU
		{F757C298-597F-4545-85E8-57503CB7ACA1}.Release|Any CPU.ActiveCfg = Release|Any CPU
		{F757C298-597F-4545-85E8-57503CB7ACA1}.Release|Any CPU.Build.0 = Release|Any CPU
		{19A449F1-5214-40EE-BD86-9E98264902CD}.Debug|Any CPU.ActiveCfg = Debug|Any CPU
		{19A449F1-5214-40EE-BD86-9E98264902CD}.Debug|Any CPU.Build.0 = Debug|Any CPU
		{19A449F1-5214-40EE-BD86-9E98264902CD}.Release|Any CPU.ActiveCfg = Release|Any CPU
		{19A449F1-5214-40EE-BD86-9E98264902CD}.Release|Any CPU.Build.0 = Release|Any CPU
		{5F4899D0-8099-4F5A-A141-3438289BFCC8}.Debug|Any CPU.ActiveCfg = Debug|Any CPU
		{5F4899D0-8099-4F5A-A141-3438289BFCC8}.Debug|Any CPU.Build.0 = Debug|Any CPU
		{5F4899D0-8099-4F5A-A141-3438289BFCC8}.Release|Any CPU.ActiveCfg = Release|Any CPU
		{5F4899D0-8099-4F5A-A141-3438289BFCC8}.Release|Any CPU.Build.0 = Release|Any CPU
	EndGlobalSection
	GlobalSection(SolutionProperties) = preSolution
		HideSolutionNode = FALSE
	EndGlobalSection
	GlobalSection(ExtensibilityGlobals) = postSolution
		SolutionGuid = {4A9B3C04-7CC2-4E88-9CD1-7E2309317B90}
	EndGlobalSection
EndGlobal
